
Microsoft Visual Studio Solution File, Format Version 12.00
# Visual Studio Version 16
VisualStudioVersion = 16.0.29230.47
MinimumVisualStudioVersion = 10.0.40219.1
Project("{FAE04EC0-301F-11D3-BF4B-00C04F79EFBC}") = "Portfolio", "Portfolio\Portfolio.csproj", "{03A963D8-AD39-4748-8BC0-AB3D05B260F8}"
EndProject
Global
	GlobalSection(SolutionConfigurationPlatforms) = preSolution
		Debug|Any CPU = Debug|Any CPU
		Release|Any CPU = Release|Any CPU
	EndGlobalSection
	GlobalSection(ProjectConfigurationPlatforms) = postSolution
		{03A963D8-AD39-4748-8BC0-AB3D05B260F8}.Debug|Any CPU.ActiveCfg = Debug|Any CPU
		{03A963D8-AD39-4748-8BC0-AB3D05B260F8}.Debug|Any CPU.Build.0 = Debug|Any CPU
		{03A963D8-AD39-4748-8BC0-AB3D05B260F8}.Release|Any CPU.ActiveCfg = Release|Any CPU
		{03A963D8-AD39-4748-8BC0-AB3D05B260F8}.Release|Any CPU.Build.0 = Release|Any CPU
	EndGlobalSection
	GlobalSection(SolutionProperties) = preSolution
		HideSolutionNode = FALSE
	EndGlobalSection
	GlobalSection(ExtensibilityGlobals) = postSolution
		SolutionGuid = {54C25FEE-A146-4DC3-ADE5-E94247CAB503}
	EndGlobalSection
EndGlobal
